
Microsoft Visual Studio Solution File, Format Version 12.00
# Visual Studio 15
VisualStudioVersion = 15.0.26730.16
MinimumVisualStudioVersion = 10.0.40219.1
Project("{FAE04EC0-301F-11D3-BF4B-00C04F79EFBC}") = "PA.Server", "PA.Server\PA.Server.csproj", "{703D7A74-E797-45BD-95C8-D94D1B7B8895}"
EndProject
Project("{FAE04EC0-301F-11D3-BF4B-00C04F79EFBC}") = "PA.Client", "PA.Client\PA.Client.csproj", "{2665DA5C-2EB3-44D1-8846-4E918FA03A78}"
EndProject
Project("{FAE04EC0-301F-11D3-BF4B-00C04F79EFBC}") = "PA.Core", "PA.Core\PA.Core.csproj", "{7338015D-F130-4629-9D59-A09CDEAF33F7}"
EndProject
Global
	GlobalSection(SolutionConfigurationPlatforms) = preSolution
		Debug|Any CPU = Debug|Any CPU
		Release|Any CPU = Release|Any CPU
	EndGlobalSection
	GlobalSection(ProjectConfigurationPlatforms) = postSolution
		{703D7A74-E797-45BD-95C8-D94D1B7B8895}.Debug|Any CPU.ActiveCfg = Debug|Any CPU
		{703D7A74-E797-45BD-95C8-D94D1B7B8895}.Debug|Any CPU.Build.0 = Debug|Any CPU
		{703D7A74-E797-45BD-95C8-D94D1B7B8895}.Release|Any CPU.ActiveCfg = Release|Any CPU
		{703D7A74-E797-45BD-95C8-D94D1B7B8895}.Release|Any CPU.Build.0 = Release|Any CPU
		{2665DA5C-2EB3-44D1-8846-4E918FA03A78}.Debug|Any CPU.ActiveCfg = Debug|Any CPU
		{2665DA5C-2EB3-44D1-8846-4E918FA03A78}.Debug|Any CPU.Build.0 = Debug|Any CPU
		{2665DA5C-2EB3-44D1-8846-4E918FA03A78}.Release|Any CPU.ActiveCfg = Release|Any CPU
		{2665DA5C-2EB3-44D1-8846-4E918FA03A78}.Release|Any CPU.Build.0 = Release|Any CPU
		{7338015D-F130-4629-9D59-A09CDEAF33F7}.Debug|Any CPU.ActiveCfg = Debug|Any CPU
		{7338015D-F130-4629-9D59-A09CDEAF33F7}.Debug|Any CPU.Build.0 = Debug|Any CPU
		{7338015D-F130-4629-9D59-A09CDEAF33F7}.Release|Any CPU.ActiveCfg = Release|Any CPU
		{7338015D-F130-4629-9D59-A09CDEAF33F7}.Release|Any CPU.Build.0 = Release|Any CPU
	EndGlobalSection
	GlobalSection(SolutionProperties) = preSolution
		HideSolutionNode = FALSE
	EndGlobalSection
	GlobalSection(ExtensibilityGlobals) = postSolution
		SolutionGuid = {237EC663-C46C-45C7-BCAB-63EC2D18DB78}
	EndGlobalSection
EndGlobal
